
Microsoft Visual Studio Solution File, Format Version 12.00
# Visual Studio Version 16
VisualStudioVersion = 16.0.29519.87
MinimumVisualStudioVersion = 10.0.40219.1
Project("{8BC9CEB8-8B4A-11D0-8D11-00A0C91BC942}") = "Test", "Test\Test.vcxproj", "{2BE70A85-165C-42AB-8804-94BF1F4D3DB7}"
	ProjectSection(ProjectDependencies) = postProject
		{17133D95-54B3-42BF-826A-C85BCFD18286} = {17133D95-54B3-42BF-826A-C85BCFD18286}
	EndProjectSection
EndProject
Project("{8BC9CEB8-8B4A-11D0-8D11-00A0C91BC942}") = "ARWorkspaceEngine", "ARWorkspaceEngine\ARWorkspaceEngine.vcxproj", "{17133D95-54B3-42BF-826A-C85BCFD18286}"
EndProject
Project("{8BC9CEB8-8B4A-11D0-8D11-00A0C91BC942}") = "DesktopDuplicator", "DesktopDuplicator\DesktopDuplicator.vcxproj", "{CEB5DBAC-B9DF-4BF7-8437-ED2822F124E5}"
EndProject
Project("{8BC9CEB8-8B4A-11D0-8D11-00A0C91BC942}") = "WinSensor", "WinSensor\WinSensor.vcxproj", "{26E28814-4264-488B-9DCF-E38F23F9B85F}"
EndProject
Global
	GlobalSection(SolutionConfigurationPlatforms) = preSolution
		Debug|x64 = Debug|x64
		Debug|x86 = Debug|x86
		Release|x64 = Release|x64
		Release|x86 = Release|x86
	EndGlobalSection
	GlobalSection(ProjectConfigurationPlatforms) = postSolution
		{2BE70A85-165C-42AB-8804-94BF1F4D3DB7}.Debug|x64.ActiveCfg = Debug|x64
		{2BE70A85-165C-42AB-8804-94BF1F4D3DB7}.Debug|x64.Build.0 = Debug|x64
		{2BE70A85-165C-42AB-8804-94BF1F4D3DB7}.Debug|x86.ActiveCfg = Debug|x64
		{2BE70A85-165C-42AB-8804-94BF1F4D3DB7}.Release|x64.ActiveCfg = Release|x64
		{2BE70A85-165C-42AB-8804-94BF1F4D3DB7}.Release|x64.Build.0 = Release|x64
		{2BE70A85-165C-42AB-8804-94BF1F4D3DB7}.Release|x86.ActiveCfg = Release|x64
		{17133D95-54B3-42BF-826A-C85BCFD18286}.Debug|x64.ActiveCfg = Debug|x64
		{17133D95-54B3-42BF-826A-C85BCFD18286}.Debug|x64.Build.0 = Debug|x64
		{17133D95-54B3-42BF-826A-C85BCFD18286}.Debug|x86.ActiveCfg = Debug|Win32
		{17133D95-54B3-42BF-826A-C85BCFD18286}.Debug|x86.Build.0 = Debug|Win32
		{17133D95-54B3-42BF-826A-C85BCFD18286}.Release|x64.ActiveCfg = Release|x64
		{17133D95-54B3-42BF-826A-C85BCFD18286}.Release|x64.Build.0 = Release|x64
		{17133D95-54B3-42BF-826A-C85BCFD18286}.Release|x86.ActiveCfg = Release|Win32
		{17133D95-54B3-42BF-826A-C85BCFD18286}.Release|x86.Build.0 = Release|Win32
		{CEB5DBAC-B9DF-4BF7-8437-ED2822F124E5}.Debug|x64.ActiveCfg = Debug|x64
		{CEB5DBAC-B9DF-4BF7-8437-ED2822F124E5}.Debug|x64.Build.0 = Debug|x64
		{CEB5DBAC-B9DF-4BF7-8437-ED2822F124E5}.Debug|x86.ActiveCfg = Debug|x64
		{CEB5DBAC-B9DF-4BF7-8437-ED2822F124E5}.Release|x64.ActiveCfg = Release|x64
		{CEB5DBAC-B9DF-4BF7-8437-ED2822F124E5}.Release|x64.Build.0 = Release|x64
		{CEB5DBAC-B9DF-4BF7-8437-ED2822F124E5}.Release|x86.ActiveCfg = Release|x64
		{26E28814-4264-488B-9DCF-E38F23F9B85F}.Debug|x64.ActiveCfg = Debug|x64
		{26E28814-4264-488B-9DCF-E38F23F9B85F}.Debug|x64.Build.0 = Debug|x64
		{26E28814-4264-488B-9DCF-E38F23F9B85F}.Debug|x86.ActiveCfg = Debug|Win32
		{26E28814-4264-488B-9DCF-E38F23F9B85F}.Debug|x86.Build.0 = Debug|Win32
		{26E28814-4264-488B-9DCF-E38F23F9B85F}.Release|x64.ActiveCfg = Release|x64
		{26E28814-4264-488B-9DCF-E38F23F9B85F}.Release|x64.Build.0 = Release|x64
		{26E28814-4264-488B-9DCF-E38F23F9B85F}.Release|x86.ActiveCfg = Release|Win32
		{26E28814-4264-488B-9DCF-E38F23F9B85F}.Release|x86.Build.0 = Release|Win32
	EndGlobalSection
	GlobalSection(SolutionProperties) = preSolution
		HideSolutionNode = FALSE
	EndGlobalSection
	GlobalSection(ExtensibilityGlobals) = postSolution
		SolutionGuid = {6776C181-31A3-41D1-AC0A-14A82ED8C967}
	EndGlobalSection
EndGlobal
