<?xml version="1.0" encoding="utf-8"?>
<Project ToolsVersion="4.0" xmlns="http://schemas.microsoft.com/developer/msbuild/2003">
  <ItemGroup>
    <ClCompile Include="Source\pch.cpp" />
    <ClCompile Include="Source\ARVirtualScreen.cpp" />
    <ClCompile Include="Source\DropDownMenu.cpp">
      <Filter>GUI</Filter>
    </ClCompile>
    <ClCompile Include="Source\ValueEditor.cpp">
      <Filter>GUI</Filter>
    </ClCompile>
    <ClCompile Include="Source\WinScreenCapture.cpp">
      <Filter>Capture</Filter>
    </ClCompile>
    <ClCompile Include="Source\GuiMenu.cpp">
      <Filter>UI</Filter>
    </ClCompile>
    <ClCompile Include="Source\KeyCommand.cpp">
      <Filter>UI</Filter>
    </ClCompile>
    <ClCompile Include="Source\CustomCursor.cpp">
      <Filter>UI</Filter>
    </ClCompile>
    <ClCompile Include="Source\ScreenRegionGuideView.cpp">
      <Filter>Screen</Filter>
    </ClCompile>
    <ClCompile Include="Source\Utility.cpp">
      <Filter>Utility</Filter>
    </ClCompile>
    <ClCompile Include="Source\HMD_SensorAnalyzer\HMD_SensorAnalyzer.cpp">
      <Filter>HMD_SensorAnalyzer</Filter>
    </ClCompile>
    <ClCompile Include="Source\CaptureImageReader.cpp">
      <Filter>Screen</Filter>
    </ClCompile>
  </ItemGroup>
  <ItemGroup>
    <ClInclude Include="Source\framework.h" />
    <ClInclude Include="Source\pch.h" />
    <ClInclude Include="Source\ARVirtualScreen.hpp" />
    <ClInclude Include="Source\ARWorkspaceEngine.hpp" />
    <ClInclude Include="Source\DropDownMenu.hpp">
      <Filter>GUI</Filter>
    </ClInclude>
    <ClInclude Include="Source\ValueEditor.hpp">
      <Filter>GUI</Filter>
    </ClInclude>
    <ClInclude Include="Source\WinScreenCapture.hpp">
      <Filter>Capture</Filter>
    </ClInclude>
    <ClInclude Include="Source\KeyCommand.hpp">
      <Filter>UI</Filter>
    </ClInclude>
    <ClInclude Include="Source\GuiMenu.hpp">
      <Filter>UI</Filter>
    </ClInclude>
    <ClInclude Include="Source\CustomCursor.hpp">
      <Filter>UI</Filter>
    </ClInclude>
    <ClInclude Include="Source\ScreenRegion.hpp">
      <Filter>Screen</Filter>
    </ClInclude>
    <ClInclude Include="Source\ScreenRegionGuideView.hpp">
      <Filter>Screen</Filter>
    </ClInclude>
    <ClInclude Include="Source\Utility.hpp">
      <Filter>Utility</Filter>
    </ClInclude>
    <ClInclude Include="Source\SimpleCounter.hpp">
      <Filter>Utility</Filter>
    </ClInclude>
    <ClInclude Include="Source\HMD_SensorAnalyzer\HMD_SensorAnalyzer.hpp">
      <Filter>HMD_SensorAnalyzer</Filter>
    </ClInclude>
    <ClInclude Include="Source\HMD_SensorAnalyzer\Vector3.hpp" />
    <ClInclude Include="Source\HMD_SensorAnalyzer\SensorVectorRelative.hpp" />
    <ClInclude Include="Source\HMD_SensorAnalyzer\SensorVectorIntegral.hpp" />
    <ClInclude Include="Source\CaptureImageReader.hpp">
      <Filter>Screen</Filter>
    </ClInclude>
  </ItemGroup>
  <ItemGroup>
    <Filter Include="GUI">
      <UniqueIdentifier>{561d5df7-8649-46b8-b2a3-acee2a5e5892}</UniqueIdentifier>
    </Filter>
    <Filter Include="Capture">
      <UniqueIdentifier>{b339a0dc-2ff5-4e3b-8570-ccb84f45efeb}</UniqueIdentifier>
    </Filter>
    <Filter Include="UI">
      <UniqueIdentifier>{eb8199e6-57b3-4e23-bb95-e0372671f61f}</UniqueIdentifier>
    </Filter>
    <Filter Include="Screen">
      <UniqueIdentifier>{a77ea51a-7d25-4757-9822-015fa999609b}</UniqueIdentifier>
    </Filter>
    <Filter Include="Utility">
      <UniqueIdentifier>{f73744a7-84e0-4bcd-affe-1b3cc7c6802b}</UniqueIdentifier>
    </Filter>
    <Filter Include="ThirdParty">
      <UniqueIdentifier>{9d433397-7ab9-41c4-8a93-74eac52bbd33}</UniqueIdentifier>
    </Filter>
    <Filter Include="HMD_SensorAnalyzer">
      <UniqueIdentifier>{8542ef98-f6e5-48fd-95d0-931a344a5ccb}</UniqueIdentifier>
    </Filter>
  </ItemGroup>
</Project>