<?xml version="1.0" encoding="utf-8"?>
<Project ToolsVersion="4.0" xmlns="http://schemas.microsoft.com/developer/msbuild/2003">
  <ItemGroup>
    <ClCompile Include="Source\DropDownMenu.cpp" />
    <ClCompile Include="Source\pch.cpp" />
    <ClCompile Include="Source\ARDisplay.cpp" />
    <ClCompile Include="Source\ARVirtualScreen.cpp" />
    <ClCompile Include="Source\CustomCursor.cpp" />
    <ClCompile Include="Source\ScreenRegionGuideView.cpp" />
    <ClCompile Include="Source\GuiMenu.cpp" />
    <ClCompile Include="Source\KeyCommand.cpp" />
    <ClCompile Include="Source\Utility.cpp" />
    <ClCompile Include="Source\ValueEditor.cpp" />
    <ClCompile Include="Source\WinScreenCapture.cpp" />
  </ItemGroup>
  <ItemGroup>
    <ClInclude Include="Source\DropDownMenu.hpp" />
    <ClInclude Include="Source\framework.h" />
    <ClInclude Include="Source\pch.h" />
    <ClInclude Include="Source\ARDisplay.hpp" />
    <ClInclude Include="Source\ARVirtualScreen.hpp" />
    <ClInclude Include="Source\ARWorkspaceEngine.hpp" />
    <ClInclude Include="Source\CustomCursor.hpp" />
    <ClInclude Include="Source\ScreenRegion.hpp" />
    <ClInclude Include="Source\ScreenRegionGuideView.hpp" />
    <ClInclude Include="Source\GuiMenu.hpp" />
    <ClInclude Include="Source\KeyCommand.hpp" />
    <ClInclude Include="Source\SimpleCounter.hpp" />
    <ClInclude Include="Source\Utility.hpp" />
    <ClInclude Include="Source\ValueEditor.hpp" />
    <ClInclude Include="Source\WinScreenCapture.hpp" />
  </ItemGroup>
</Project>